
Microsoft Visual Studio Solution File, Format Version 12.00
# Visual Studio Version 17
VisualStudioVersion = 17.0.32126.317
MinimumVisualStudioVersion = 10.0.40219.1
Project("{F184B08F-C81C-45F6-A57F-5ABD9991F28F}") = "Activity3B", "Activity3B\Activity3B.vbproj", "{DB062F44-B424-4177-B97B-A1146C307B03}"
EndProject
Global
	GlobalSection(SolutionConfigurationPlatforms) = preSolution
		Debug|Any CPU = Debug|Any CPU
		Release|Any CPU = Release|Any CPU
	EndGlobalSection
	GlobalSection(ProjectConfigurationPlatforms) = postSolution
		{DB062F44-B424-4177-B97B-A1146C307B03}.Debug|Any CPU.ActiveCfg = Debug|Any CPU
		{DB062F44-B424-4177-B97B-A1146C307B03}.Debug|Any CPU.Build.0 = Debug|Any CPU
		{DB062F44-B424-4177-B97B-A1146C307B03}.Release|Any CPU.ActiveCfg = Release|Any CPU
		{DB062F44-B424-4177-B97B-A1146C307B03}.Release|Any CPU.Build.0 = Release|Any CPU
	EndGlobalSection
	GlobalSection(SolutionProperties) = preSolution
		HideSolutionNode = FALSE
	EndGlobalSection
	GlobalSection(ExtensibilityGlobals) = postSolution
		SolutionGuid = {01620048-4B97-4345-B2EB-24A84AE56B49}
	EndGlobalSection
EndGlobal
